# apm-lock.yml — auto-generated by apm CLI, do not edit manually
lockfileVersion: 1
resolvedSkills:
  - name: ingredient-matcher
    version: 1.0.0
    path: ./skills/ingredient-matcher.js
    source: local
    resolvedOrder: 1
    dependsOn: []
  - name: score-calculator
    version: 1.0.0
    path: ./skills/score-calculator.js
    source: local
    resolvedOrder: 2
    dependsOn: []
  - name: game-validator
    version: 1.0.0
    path: ./skills/game-validator.js
    source: local
    resolvedOrder: 3
    dependsOn:
      - ingredient-matcher
  - name: difficulty-scaler
    version: 1.0.0
    path: ./skills/difficulty-scaler.js
    source: local
    resolvedOrder: 4
    dependsOn:
      - score-calculator
  - name: dish-randomizer
    version: 1.0.0
    path: ./skills/dish-randomizer.js
    source: local
    resolvedOrder: 5
    dependsOn: []
  - name: cultural-tagger
    version: 1.0.0
    path: ./skills/cultural-tagger.js
    source: local
    resolvedOrder: 6
    dependsOn: []
resolvedPrompts:
  - name: hint-generator
    version: 1.0.0
    path: ./prompts/hint-generator.md
    hash: sha256:placeholder-hint-generator
  - name: dish-guesser
    version: 1.0.0
    path: ./prompts/dish-guesser.md
    hash: sha256:placeholder-dish-guesser
  - name: cultural-context
    version: 1.0.0
    path: ./prompts/cultural-context.md
    hash: sha256:placeholder-cultural-context
  - name: difficulty-advisor
    version: 1.0.0
    path: ./prompts/difficulty-advisor.md
    hash: sha256:placeholder-difficulty-advisor
  - name: feedback-generator
    version: 1.0.0
    path: ./prompts/feedback-generator.md
    hash: sha256:placeholder-feedback-generator
resolvedMcpServers:
  - name: game-state-server
    version: 1.0.0
    path: ./mcp-server/src/index.ts
    hash: sha256:placeholder-mcp-server
    transport: stdio
resolvedAgents:
  - name: hint-agent
    resolvedOrder: 1
    dependsOn: []
    runtime: claude-code-or-copilot
    mcpConfig: .mcp.json
    participantId: ingredient-game.hint-agent
  - name: cultural-agent
    resolvedOrder: 2
    dependsOn: []
    runtime: claude-code-or-copilot
    mcpConfig: .mcp.json
    participantId: ingredient-game.cultural-agent
  - name: scoring-agent
    resolvedOrder: 3
    dependsOn:
      - hint-agent
    runtime: claude-code-or-copilot
    mcpConfig: .mcp.json
    participantId: ingredient-game.scoring-agent
  - name: difficulty-agent
    resolvedOrder: 4
    dependsOn:
      - scoring-agent
    runtime: claude-code-or-copilot
    mcpConfig: .mcp.json
    participantId: ingredient-game.difficulty-agent
  - name: game-agent
    resolvedOrder: 5
    dependsOn:
      - hint-agent
      - scoring-agent
      - cultural-agent
      - difficulty-agent
    runtime: claude-code-or-copilot
    mcpConfig: .mcp.json
    participantId: ingredient-game.game-agent

  - name: discord-agent
    resolvedOrder: 6
    dependsOn:
      - scoring-agent
    runtime: claude-code-or-copilot
    mcpConfig: .mcp.json
    participantId: ingredient-game.discord-agent
    mcpServer: discord
